
Microsoft Visual Studio Solution File, Format Version 12.00
# Visual Studio Version 16
VisualStudioVersion = 16.0.30907.101
MinimumVisualStudioVersion = 10.0.40219.1
Project("{FAE04EC0-301F-11D3-BF4B-00C04F79EFBC}") = "task111", "task111\task111.csproj", "{5DAC8418-BE0D-464A-9F4E-582EEC287816}"
EndProject
Global
	GlobalSection(SolutionConfigurationPlatforms) = preSolution
		Debug|Any CPU = Debug|Any CPU
		Release|Any CPU = Release|Any CPU
	EndGlobalSection
	GlobalSection(ProjectConfigurationPlatforms) = postSolution
		{5DAC8418-BE0D-464A-9F4E-582EEC287816}.Debug|Any CPU.ActiveCfg = Debug|Any CPU
		{5DAC8418-BE0D-464A-9F4E-582EEC287816}.Debug|Any CPU.Build.0 = Debug|Any CPU
		{5DAC8418-BE0D-464A-9F4E-582EEC287816}.Release|Any CPU.ActiveCfg = Release|Any CPU
		{5DAC8418-BE0D-464A-9F4E-582EEC287816}.Release|Any CPU.Build.0 = Release|Any CPU
	EndGlobalSection
	GlobalSection(SolutionProperties) = preSolution
		HideSolutionNode = FALSE
	EndGlobalSection
	GlobalSection(ExtensibilityGlobals) = postSolution
		SolutionGuid = {4D9326D6-00DF-44DB-9F6A-F647ABBAA0AA}
	EndGlobalSection
EndGlobal
