
Microsoft Visual Studio Solution File, Format Version 12.00
# Visual Studio Version 16
VisualStudioVersion = 16.0.30907.101
MinimumVisualStudioVersion = 10.0.40219.1
Project("{FAE04EC0-301F-11D3-BF4B-00C04F79EFBC}") = "lab task 1-2", "lab task 1-2\lab task 1-2.csproj", "{5C07257A-8246-4655-A119-C284C5F1C794}"
EndProject
Global
	GlobalSection(SolutionConfigurationPlatforms) = preSolution
		Debug|Any CPU = Debug|Any CPU
		Release|Any CPU = Release|Any CPU
	EndGlobalSection
	GlobalSection(ProjectConfigurationPlatforms) = postSolution
		{5C07257A-8246-4655-A119-C284C5F1C794}.Debug|Any CPU.ActiveCfg = Debug|Any CPU
		{5C07257A-8246-4655-A119-C284C5F1C794}.Debug|Any CPU.Build.0 = Debug|Any CPU
		{5C07257A-8246-4655-A119-C284C5F1C794}.Release|Any CPU.ActiveCfg = Release|Any CPU
		{5C07257A-8246-4655-A119-C284C5F1C794}.Release|Any CPU.Build.0 = Release|Any CPU
	EndGlobalSection
	GlobalSection(SolutionProperties) = preSolution
		HideSolutionNode = FALSE
	EndGlobalSection
	GlobalSection(ExtensibilityGlobals) = postSolution
		SolutionGuid = {68D6A52D-2D60-49ED-ABB8-E18EE5490FFD}
	EndGlobalSection
EndGlobal
